
Microsoft Visual Studio Solution File, Format Version 12.00
# Visual Studio Version 17
VisualStudioVersion = 17.10.35027.167
MinimumVisualStudioVersion = 10.0.40219.1
Project("{9A19103F-16F7-4668-BE54-9A1E7A4F7556}") = "vinv", "vinv\vinv.csproj", "{42D7786F-5E22-4A1D-882B-E84597C24C6B}"
EndProject
Project("{2150E333-8FDC-42A3-9474-1A3956D46DE8}") = "Presentation", "Presentation", "{08912ABB-985F-4B9F-9191-C20618B85ACF}"
EndProject
Project("{9A19103F-16F7-4668-BE54-9A1E7A4F7556}") = "UnitTests", "tests\Application\UnitTests\UnitTests.csproj", "{E1605597-65FB-4165-83C9-7FC61541B495}"
EndProject
Project("{2150E333-8FDC-42A3-9474-1A3956D46DE8}") = "tests", "tests", "{943405E8-CA94-473A-9322-90F20AB9A245}"
EndProject
Project("{2150E333-8FDC-42A3-9474-1A3956D46DE8}") = "Application", "Application", "{1C82094E-290C-4AA9-84CD-62D0C78E8466}"
EndProject
Project("{2150E333-8FDC-42A3-9474-1A3956D46DE8}") = "src", "src", "{81E926A9-3E95-4BC7-8A04-5289A2DBA1BC}"
EndProject
Project("{9A19103F-16F7-4668-BE54-9A1E7A4F7556}") = "Api", "src\Presentation\Api\Api.csproj", "{366A72C1-767A-410C-975C-182124D38379}"
EndProject
Project("{9A19103F-16F7-4668-BE54-9A1E7A4F7556}") = "Application", "src\Application\Application.csproj", "{8DC748D5-1F33-45B9-B6CE-7054242332F9}"
EndProject
Project("{9A19103F-16F7-4668-BE54-9A1E7A4F7556}") = "Domain", "src\Domain\Domain.csproj", "{B42C5066-0FBA-4163-ADEA-3077743AA36A}"
EndProject
Project("{9A19103F-16F7-4668-BE54-9A1E7A4F7556}") = "Infra", "src\Infra\Infra.csproj", "{E90576E4-EE5B-41C0-89AE-982BF9FCE258}"
EndProject
Global
	GlobalSection(SolutionConfigurationPlatforms) = preSolution
		Debug|Any CPU = Debug|Any CPU
		Release|Any CPU = Release|Any CPU
	EndGlobalSection
	GlobalSection(ProjectConfigurationPlatforms) = postSolution
		{42D7786F-5E22-4A1D-882B-E84597C24C6B}.Debug|Any CPU.ActiveCfg = Debug|Any CPU
		{42D7786F-5E22-4A1D-882B-E84597C24C6B}.Debug|Any CPU.Build.0 = Debug|Any CPU
		{42D7786F-5E22-4A1D-882B-E84597C24C6B}.Release|Any CPU.ActiveCfg = Release|Any CPU
		{42D7786F-5E22-4A1D-882B-E84597C24C6B}.Release|Any CPU.Build.0 = Release|Any CPU
		{E1605597-65FB-4165-83C9-7FC61541B495}.Debug|Any CPU.ActiveCfg = Debug|Any CPU
		{E1605597-65FB-4165-83C9-7FC61541B495}.Debug|Any CPU.Build.0 = Debug|Any CPU
		{E1605597-65FB-4165-83C9-7FC61541B495}.Release|Any CPU.ActiveCfg = Release|Any CPU
		{E1605597-65FB-4165-83C9-7FC61541B495}.Release|Any CPU.Build.0 = Release|Any CPU
		{366A72C1-767A-410C-975C-182124D38379}.Debug|Any CPU.ActiveCfg = Debug|Any CPU
		{366A72C1-767A-410C-975C-182124D38379}.Debug|Any CPU.Build.0 = Debug|Any CPU
		{366A72C1-767A-410C-975C-182124D38379}.Release|Any CPU.ActiveCfg = Release|Any CPU
		{366A72C1-767A-410C-975C-182124D38379}.Release|Any CPU.Build.0 = Release|Any CPU
		{8DC748D5-1F33-45B9-B6CE-7054242332F9}.Debug|Any CPU.ActiveCfg = Debug|Any CPU
		{8DC748D5-1F33-45B9-B6CE-7054242332F9}.Debug|Any CPU.Build.0 = Debug|Any CPU
		{8DC748D5-1F33-45B9-B6CE-7054242332F9}.Release|Any CPU.ActiveCfg = Release|Any CPU
		{8DC748D5-1F33-45B9-B6CE-7054242332F9}.Release|Any CPU.Build.0 = Release|Any CPU
		{B42C5066-0FBA-4163-ADEA-3077743AA36A}.Debug|Any CPU.ActiveCfg = Debug|Any CPU
		{B42C5066-0FBA-4163-ADEA-3077743AA36A}.Debug|Any CPU.Build.0 = Debug|Any CPU
		{B42C5066-0FBA-4163-ADEA-3077743AA36A}.Release|Any CPU.ActiveCfg = Release|Any CPU
		{B42C5066-0FBA-4163-ADEA-3077743AA36A}.Release|Any CPU.Build.0 = Release|Any CPU
		{E90576E4-EE5B-41C0-89AE-982BF9FCE258}.Debug|Any CPU.ActiveCfg = Debug|Any CPU
		{E90576E4-EE5B-41C0-89AE-982BF9FCE258}.Debug|Any CPU.Build.0 = Debug|Any CPU
		{E90576E4-EE5B-41C0-89AE-982BF9FCE258}.Release|Any CPU.ActiveCfg = Release|Any CPU
		{E90576E4-EE5B-41C0-89AE-982BF9FCE258}.Release|Any CPU.Build.0 = Release|Any CPU
	EndGlobalSection
	GlobalSection(SolutionProperties) = preSolution
		HideSolutionNode = FALSE
	EndGlobalSection
	GlobalSection(NestedProjects) = preSolution
		{08912ABB-985F-4B9F-9191-C20618B85ACF} = {81E926A9-3E95-4BC7-8A04-5289A2DBA1BC}
		{E1605597-65FB-4165-83C9-7FC61541B495} = {1C82094E-290C-4AA9-84CD-62D0C78E8466}
		{1C82094E-290C-4AA9-84CD-62D0C78E8466} = {943405E8-CA94-473A-9322-90F20AB9A245}
		{366A72C1-767A-410C-975C-182124D38379} = {08912ABB-985F-4B9F-9191-C20618B85ACF}
		{8DC748D5-1F33-45B9-B6CE-7054242332F9} = {81E926A9-3E95-4BC7-8A04-5289A2DBA1BC}
		{B42C5066-0FBA-4163-ADEA-3077743AA36A} = {81E926A9-3E95-4BC7-8A04-5289A2DBA1BC}
		{E90576E4-EE5B-41C0-89AE-982BF9FCE258} = {81E926A9-3E95-4BC7-8A04-5289A2DBA1BC}
	EndGlobalSection
	GlobalSection(ExtensibilityGlobals) = postSolution
		SolutionGuid = {B9920AC1-1F11-493A-832E-6F16E2C50760}
	EndGlobalSection
EndGlobal
